<?xml version="1.0" encoding="utf-8"?>
<Project ToolsVersion="4.0" xmlns="http://schemas.microsoft.com/developer/msbuild/2003">
  <ItemGroup>
    <Filter Include="Source Files">
      <UniqueIdentifier>{4FC737F1-C7A5-4376-A066-2A32D752A2FF}</UniqueIdentifier>
      <Extensions>cpp;cxx;c;def</Extensions>
    </Filter>
    <Filter Include="Header Files">
      <UniqueIdentifier>{93995380-89BD-4b04-88EB-625FBE52EBFB}</UniqueIdentifier>
      <Extensions>h</Extensions>
    </Filter>
    <Filter Include="Form Files">
      <UniqueIdentifier>{99349809-55BA-4b9d-BF79-8FDBB0286EB3}</UniqueIdentifier>
      <Extensions>ui</Extensions>
    </Filter>
    <Filter Include="Resource Files">
      <UniqueIdentifier>{D9D6E242-F8AF-46E4-B9FD-80ECBC20BA3E}</UniqueIdentifier>
      <Extensions>qrc;*</Extensions>
      <ParseFiles>false</ParseFiles>
    </Filter>
    <Filter Include="Generated Files">
      <UniqueIdentifier>{71ED8ED8-ACB9-4CE9-BBE1-E00B30144E11}</UniqueIdentifier>
      <Extensions>moc;h;cpp</Extensions>
      <SourceControlFiles>False</SourceControlFiles>
    </Filter>
    <Filter Include="Generated Files\Debug">
      <UniqueIdentifier>{3df6b579-069e-4079-9965-46a77e122084}</UniqueIdentifier>
      <Extensions>cpp;moc</Extensions>
      <SourceControlFiles>False</SourceControlFiles>
    </Filter>
    <Filter Include="Generated Files\Release">
      <UniqueIdentifier>{cb0927d1-3971-4c38-89ee-43ec8ecacc4b}</UniqueIdentifier>
      <Extensions>cpp;moc</Extensions>
      <SourceControlFiles>False</SourceControlFiles>
    </Filter>
    <Filter Include="shaders">
      <UniqueIdentifier>{364d6ad3-a2c9-43c7-a788-cf08a6cd7b5e}</UniqueIdentifier>
    </Filter>
  </ItemGroup>
  <ItemGroup>
    <ClCompile Include="main.cpp">
      <Filter>Source Files</Filter>
    </ClCompile>
    <ClCompile Include="mainwindow.cpp">
      <Filter>Source Files</Filter>
    </ClCompile>
    <ClCompile Include="GeneratedFiles\Debug\moc_mainwindow.cpp">
      <Filter>Generated Files\Debug</Filter>
    </ClCompile>
    <ClCompile Include="GeneratedFiles\Release\moc_mainwindow.cpp">
      <Filter>Generated Files\Release</Filter>
    </ClCompile>
    <ClCompile Include="GeneratedFiles\qrc_mainwindow.cpp">
      <Filter>Generated Files</Filter>
    </ClCompile>
    <ClCompile Include="glwidget.cpp">
      <Filter>Source Files</Filter>
    </ClCompile>
    <ClCompile Include="GeneratedFiles\Debug\moc_glwidget.cpp">
      <Filter>Generated Files\Debug</Filter>
    </ClCompile>
    <ClCompile Include="GeneratedFiles\Release\moc_glwidget.cpp">
      <Filter>Generated Files\Release</Filter>
    </ClCompile>
    <ClCompile Include="core.cpp">
      <Filter>Source Files</Filter>
    </ClCompile>
    <ClCompile Include="abstractcamera.cpp">
      <Filter>Source Files</Filter>
    </ClCompile>
    <ClCompile Include="targetcamera.cpp">
      <Filter>Source Files</Filter>
    </ClCompile>
    <ClCompile Include="utils.cpp">
      <Filter>Source Files</Filter>
    </ClCompile>
    <ClCompile Include="exceptions.cpp">
      <Filter>Source Files</Filter>
    </ClCompile>
    <ClCompile Include="glslshader.cpp">
      <Filter>Source Files</Filter>
    </ClCompile>
    <ClCompile Include="mesh.cpp">
      <Filter>Source Files</Filter>
    </ClCompile>
    <ClCompile Include="meshimporter.cpp">
      <Filter>Source Files</Filter>
    </ClCompile>
    <ClCompile Include="renderableobject.cpp">
      <Filter>Source Files</Filter>
    </ClCompile>
    <ClCompile Include="screenquad.cpp">
      <Filter>Source Files</Filter>
    </ClCompile>
    <ClCompile Include="fimage.cpp">
      <Filter>Source Files</Filter>
    </ClCompile>
    <ClCompile Include="image.cpp">
      <Filter>Source Files</Filter>
    </ClCompile>
    <ClCompile Include="texture.cpp">
      <Filter>Source Files</Filter>
    </ClCompile>
    <ClCompile Include="texture2d.cpp">
      <Filter>Source Files</Filter>
    </ClCompile>
    <ClCompile Include="textureloader.cpp">
      <Filter>Source Files</Filter>
    </ClCompile>
    <ClCompile Include="texturemanager.cpp">
      <Filter>Source Files</Filter>
    </ClCompile>
    <ClCompile Include="glslshadermanager.cpp">
      <Filter>Source Files</Filter>
    </ClCompile>
    <ClCompile Include="renderalgorithms.cpp">
      <Filter>Source Files</Filter>
    </ClCompile>
    <ClCompile Include="framebuffer.cpp">
      <Filter>Source Files</Filter>
    </ClCompile>
    <ClCompile Include="bbox.cpp">
      <Filter>Source Files</Filter>
    </ClCompile>
    <ClCompile Include="entity.cpp">
      <Filter>Source Files</Filter>
    </ClCompile>
    <ClCompile Include="skybox.cpp">
      <Filter>Source Files</Filter>
    </ClCompile>
  </ItemGroup>
  <ItemGroup>
    <CustomBuild Include="mainwindow.h">
      <Filter>Header Files</Filter>
    </CustomBuild>
    <CustomBuild Include="mainwindow.ui">
      <Filter>Form Files</Filter>
    </CustomBuild>
    <CustomBuild Include="mainwindow.qrc">
      <Filter>Resource Files</Filter>
    </CustomBuild>
    <CustomBuild Include="glwidget.h">
      <Filter>Header Files</Filter>
    </CustomBuild>
    <CustomBuild Include="bbox.h">
      <Filter>Header Files</Filter>
    </CustomBuild>
  </ItemGroup>
  <ItemGroup>
    <ClInclude Include="GeneratedFiles\ui_mainwindow.h">
      <Filter>Generated Files</Filter>
    </ClInclude>
    <ClInclude Include="core.h">
      <Filter>Header Files</Filter>
    </ClInclude>
    <ClInclude Include="abstractcamera.h">
      <Filter>Header Files</Filter>
    </ClInclude>
    <ClInclude Include="targetcamera.h">
      <Filter>Header Files</Filter>
    </ClInclude>
    <ClInclude Include="utils.h">
      <Filter>Header Files</Filter>
    </ClInclude>
    <ClInclude Include="exceptions.h">
      <Filter>Header Files</Filter>
    </ClInclude>
    <ClInclude Include="glslshader.h">
      <Filter>Header Files</Filter>
    </ClInclude>
    <ClInclude Include="mesh.h">
      <Filter>Header Files</Filter>
    </ClInclude>
    <ClInclude Include="meshimporter.h">
      <Filter>Header Files</Filter>
    </ClInclude>
    <ClInclude Include="renderableobject.h">
      <Filter>Header Files</Filter>
    </ClInclude>
    <ClInclude Include="screenquad.h">
      <Filter>Header Files</Filter>
    </ClInclude>
    <ClInclude Include="fimage.h">
      <Filter>Header Files</Filter>
    </ClInclude>
    <ClInclude Include="image.h">
      <Filter>Header Files</Filter>
    </ClInclude>
    <ClInclude Include="texture.h">
      <Filter>Header Files</Filter>
    </ClInclude>
    <ClInclude Include="texture2d.h">
      <Filter>Header Files</Filter>
    </ClInclude>
    <ClInclude Include="textureloader.h">
      <Filter>Header Files</Filter>
    </ClInclude>
    <ClInclude Include="texturemanager.h">
      <Filter>Header Files</Filter>
    </ClInclude>
    <ClInclude Include="glslshadermanager.h">
      <Filter>Header Files</Filter>
    </ClInclude>
    <ClInclude Include="renderalgorithms.h">
      <Filter>Header Files</Filter>
    </ClInclude>
    <ClInclude Include="framebuffer.h">
      <Filter>Header Files</Filter>
    </ClInclude>
    <ClInclude Include="entity.h">
      <Filter>Header Files</Filter>
    </ClInclude>
    <ClInclude Include="skybox.h">
      <Filter>Header Files</Filter>
    </ClInclude>
  </ItemGroup>
  <ItemGroup>
    <None Include="shaders\screen_space_quad.frag">
      <Filter>shaders</Filter>
    </None>
    <None Include="shaders\screen_space_quad.vert">
      <Filter>shaders</Filter>
    </None>
    <None Include="shaders\pass_through_shader.frag">
      <Filter>shaders</Filter>
    </None>
    <None Include="shaders\pass_through_shader.vert">
      <Filter>shaders</Filter>
    </None>
    <None Include="shaders\diffuse_and_shadows.frag">
      <Filter>shaders</Filter>
    </None>
    <None Include="shaders\diffuse_and_shadows.vert">
      <Filter>shaders</Filter>
    </None>
    <None Include="shaders\translucency_shader.frag">
      <Filter>shaders</Filter>
    </None>
    <None Include="shaders\translucency_shader.vert">
      <Filter>shaders</Filter>
    </None>
    <None Include="shaders\linear_depth_shader.frag">
      <Filter>shaders</Filter>
    </None>
    <None Include="shaders\linear_depth_shader.vert">
      <Filter>shaders</Filter>
    </None>
    <None Include="shaders\mainRender_pass.frag">
      <Filter>shaders</Filter>
    </None>
    <None Include="shaders\mainRender_pass.vert">
      <Filter>shaders</Filter>
    </None>
    <None Include="shaders\Ssss_blur_vert.frag">
      <Filter>shaders</Filter>
    </None>
    <None Include="shaders\Ssss_blur_horiz.frag">
      <Filter>shaders</Filter>
    </None>
    <None Include="shaders\separableSsss_blur_horiz.frag">
      <Filter>shaders</Filter>
    </None>
    <None Include="shaders\separableSsss_blur_vert.frag">
      <Filter>shaders</Filter>
    </None>
    <None Include="shaders\tone_map.frag">
      <Filter>shaders</Filter>
    </None>
    <None Include="shaders\beckmann.frag">
      <Filter>shaders</Filter>
    </None>
    <None Include="shaders\Ssss_gauss_horiz.frag">
      <Filter>shaders</Filter>
    </None>
    <None Include="shaders\Ssss_gauss_vert.frag">
      <Filter>shaders</Filter>
    </None>
    <None Include="shaders\skybox.frag">
      <Filter>shaders</Filter>
    </None>
    <None Include="shaders\skybox.vert">
      <Filter>shaders</Filter>
    </None>
    <None Include="shaders\image_blur_horiz.frag">
      <Filter>shaders</Filter>
    </None>
    <None Include="shaders\image_blur_vert.frag">
      <Filter>shaders</Filter>
    </None>
  </ItemGroup>
</Project>